// !$*UTF8*$!
{
	archiveVersion = 1;
	classes = {
	};
	objectVersion = 46;
	objects = {

/* Begin PBXBuildFile section */
		C92BF85013631710003B20F6 /* UIKit.framework in Frameworks */ = {isa = PBXBuildFile; fileRef = C92BF84F13631710003B20F6 /* UIKit.framework */; };
		C92BF85213631710003B20F6 /* Foundation.framework in Frameworks */ = {isa = PBXBuildFile; fileRef = C92BF85113631710003B20F6 /* Foundation.framework */; };
		C92BF85413631710003B20F6 /* CoreGraphics.framework in Frameworks */ = {isa = PBXBuildFile; fileRef = C92BF85313631710003B20F6 /* CoreGraphics.framework */; };
		C92BF85613631710003B20F6 /* CoreData.framework in Frameworks */ = {isa = PBXBuildFile; fileRef = C92BF85513631710003B20F6 /* CoreData.framework */; };
		C92BF85C13631710003B20F6 /* InfoPlist.strings in Resources */ = {isa = PBXBuildFile; fileRef = C92BF85A13631710003B20F6 /* InfoPlist.strings */; };
		C92BF85F13631710003B20F6 /* main.m in Sources */ = {isa = PBXBuildFile; fileRef = C92BF85E13631710003B20F6 /* main.m */; };
		C92BF86213631710003B20F6 /* AcaniChatAppDelegate.m in Sources */ = {isa = PBXBuildFile; fileRef = C92BF86113631710003B20F6 /* AcaniChatAppDelegate.m */; };
		C92BF86513631711003B20F6 /* AcaniChat.xcdatamodeld in Sources */ = {isa = PBXBuildFile; fileRef = C92BF86313631711003B20F6 /* AcaniChat.xcdatamodeld */; };
		C92BF86813631711003B20F6 /* MainWindow.xib in Resources */ = {isa = PBXBuildFile; fileRef = C92BF86613631711003B20F6 /* MainWindow.xib */; };
		C92BF86B13631711003B20F6 /* RootViewController.m in Sources */ = {isa = PBXBuildFile; fileRef = C92BF86A13631711003B20F6 /* RootViewController.m */; };
		C92BF86E13631711003B20F6 /* RootViewController.xib in Resources */ = {isa = PBXBuildFile; fileRef = C92BF86C13631711003B20F6 /* RootViewController.xib */; };
/* End PBXBuildFile section */

/* Begin PBXFileReference section */
		C92BF84B13631710003B20F6 /* AcaniChat.app */ = {isa = PBXFileReference; explicitFileType = wrapper.application; includeInIndex = 0; path = AcaniChat.app; sourceTree = BUILT_PRODUCTS_DIR; };
		C92BF84F13631710003B20F6 /* UIKit.framework */ = {isa = PBXFileReference; lastKnownFileType = wrapper.framework; name = UIKit.framework; path = System/Library/Frameworks/UIKit.framework; sourceTree = SDKROOT; };
		C92BF85113631710003B20F6 /* Foundation.framework */ = {isa = PBXFileReference; lastKnownFileType = wrapper.framework; name = Foundation.framework; path = System/Library/Frameworks/Foundation.framework; sourceTree = SDKROOT; };
		C92BF85313631710003B20F6 /* CoreGraphics.framework */ = {isa = PBXFileReference; lastKnownFileType = wrapper.framework; name = CoreGraphics.framework; path = System/Library/Frameworks/CoreGraphics.framework; sourceTree = SDKROOT; };
		C92BF85513631710003B20F6 /* CoreData.framework */ = {isa = PBXFileReference; lastKnownFileType = wrapper.framework; name = CoreData.framework; path = System/Library/Frameworks/CoreData.framework; sourceTree = SDKROOT; };
		C92BF85913631710003B20F6 /* AcaniChat-Info.plist */ = {isa = PBXFileReference; lastKnownFileType = text.plist.xml; path = "AcaniChat-Info.plist"; sourceTree = "<group>"; };
		C92BF85B13631710003B20F6 /* en */ = {isa = PBXFileReference; lastKnownFileType = text.plist.strings; name = en; path = en.lproj/InfoPlist.strings; sourceTree = "<group>"; };
		C92BF85D13631710003B20F6 /* AcaniChat-Prefix.pch */ = {isa = PBXFileReference; lastKnownFileType = sourcecode.c.h; path = "AcaniChat-Prefix.pch"; sourceTree = "<group>"; };
		C92BF85E13631710003B20F6 /* main.m */ = {isa = PBXFileReference; lastKnownFileType = sourcecode.c.objc; path = main.m; sourceTree = "<group>"; };
		C92BF86013631710003B20F6 /* AcaniChatAppDelegate.h */ = {isa = PBXFileReference; lastKnownFileType = sourcecode.c.h; path = AcaniChatAppDelegate.h; sourceTree = "<group>"; };
		C92BF86113631710003B20F6 /* AcaniChatAppDelegate.m */ = {isa = PBXFileReference; lastKnownFileType = sourcecode.c.objc; path = AcaniChatAppDelegate.m; sourceTree = "<group>"; };
		C92BF86413631711003B20F6 /* AcaniChat.xcdatamodel */ = {isa = PBXFileReference; lastKnownFileType = wrapper.xcdatamodel; path = AcaniChat.xcdatamodel; sourceTree = "<group>"; };
		C92BF86713631711003B20F6 /* en */ = {isa = PBXFileReference; lastKnownFileType = file.xib; name = en; path = en.lproj/MainWindow.xib; sourceTree = "<group>"; };
		C92BF86913631711003B20F6 /* RootViewController.h */ = {isa = PBXFileReference; lastKnownFileType = sourcecode.c.h; path = RootViewController.h; sourceTree = "<group>"; };
		C92BF86A13631711003B20F6 /* RootViewController.m */ = {isa = PBXFileReference; lastKnownFileType = sourcecode.c.objc; path = RootViewController.m; sourceTree = "<group>"; };
		C92BF86D13631711003B20F6 /* en */ = {isa = PBXFileReference; lastKnownFileType = file.xib; name = en; path = en.lproj/RootViewController.xib; sourceTree = "<group>"; };
/* End PBXFileReference section */

/* Begin PBXFrameworksBuildPhase section */
		C92BF84813631710003B20F6 /* Frameworks */ = {
			isa = PBXFrameworksBuildPhase;
			buildActionMask = 2147483647;
			files = (
				C92BF85013631710003B20F6 /* UIKit.framework in Frameworks */,
				C92BF85213631710003B20F6 /* Foundation.framework in Frameworks */,
				C92BF85413631710003B20F6 /* CoreGraphics.framework in Frameworks */,
				C92BF85613631710003B20F6 /* CoreData.framework in Frameworks */,
			);
			runOnlyForDeploymentPostprocessing = 0;
		};
/* End PBXFrameworksBuildPhase section */

/* Begin PBXGroup section */
		C92BF84013631710003B20F6 = {
			isa = PBXGroup;
			children = (
				C92BF85713631710003B20F6 /* AcaniChat */,
				C92BF84E13631710003B20F6 /* Frameworks */,
				C92BF84C13631710003B20F6 /* Products */,
			);
			sourceTree = "<group>";
		};
		C92BF84C13631710003B20F6 /* Products */ = {
			isa = PBXGroup;
			children = (
				C92BF84B13631710003B20F6 /* AcaniChat.app */,
			);
			name = Products;
			sourceTree = "<group>";
		};
		C92BF84E13631710003B20F6 /* Frameworks */ = {
			isa = PBXGroup;
			children = (
				C92BF84F13631710003B20F6 /* UIKit.framework */,
				C92BF85113631710003B20F6 /* Foundation.framework */,
				C92BF85313631710003B20F6 /* CoreGraphics.framework */,
				C92BF85513631710003B20F6 /* CoreData.framework */,
			);
			name = Frameworks;
			sourceTree = "<group>";
		};
		C92BF85713631710003B20F6 /* AcaniChat */ = {
			isa = PBXGroup;
			children = (
				C92BF86013631710003B20F6 /* AcaniChatAppDelegate.h */,
				C92BF86113631710003B20F6 /* AcaniChatAppDelegate.m */,
				C92BF86613631711003B20F6 /* MainWindow.xib */,
				C92BF86913631711003B20F6 /* RootViewController.h */,
				C92BF86A13631711003B20F6 /* RootViewController.m */,
				C92BF86C13631711003B20F6 /* RootViewController.xib */,
				C92BF86313631711003B20F6 /* AcaniChat.xcdatamodeld */,
				C92BF85813631710003B20F6 /* Supporting Files */,
			);
			path = AcaniChat;
			sourceTree = "<group>";
		};
		C92BF85813631710003B20F6 /* Supporting Files */ = {
			isa = PBXGroup;
			children = (
				C92BF85913631710003B20F6 /* AcaniChat-Info.plist */,
				C92BF85A13631710003B20F6 /* InfoPlist.strings */,
				C92BF85D13631710003B20F6 /* AcaniChat-Prefix.pch */,
				C92BF85E13631710003B20F6 /* main.m */,
			);
			name = "Supporting Files";
			sourceTree = "<group>";
		};
/* End PBXGroup section */

/* Begin PBXNativeTarget section */
		C92BF84A13631710003B20F6 /* AcaniChat */ = {
			isa = PBXNativeTarget;
			buildConfigurationList = C92BF87113631711003B20F6 /* Build configuration list for PBXNativeTarget "AcaniChat" */;
			buildPhases = (
				C92BF84713631710003B20F6 /* Sources */,
				C92BF84813631710003B20F6 /* Frameworks */,
				C92BF84913631710003B20F6 /* Resources */,
			);
			buildRules = (
			);
			dependencies = (
			);
			name = AcaniChat;
			productName = AcaniChat;
			productReference = C92BF84B13631710003B20F6 /* AcaniChat.app */;
			productType = "com.apple.product-type.application";
		};
/* End PBXNativeTarget section */

/* Begin PBXProject section */
		C92BF84213631710003B20F6 /* Project object */ = {
			isa = PBXProject;
			buildConfigurationList = C92BF84513631710003B20F6 /* Build configuration list for PBXProject "AcaniChat" */;
			compatibilityVersion = "Xcode 3.2";
			developmentRegion = English;
			hasScannedForEncodings = 0;
			knownRegions = (
				en,
			);
			mainGroup = C92BF84013631710003B20F6;
			productRefGroup = C92BF84C13631710003B20F6 /* Products */;
			projectDirPath = "";
			projectRoot = "";
			targets = (
				C92BF84A13631710003B20F6 /* AcaniChat */,
			);
		};
/* End PBXProject section */

/* Begin PBXResourcesBuildPhase section */
		C92BF84913631710003B20F6 /* Resources */ = {
			isa = PBXResourcesBuildPhase;
			buildActionMask = 2147483647;
			files = (
				C92BF85C13631710003B20F6 /* InfoPlist.strings in Resources */,
				C92BF86813631711003B20F6 /* MainWindow.xib in Resources */,
				C92BF86E13631711003B20F6 /* RootViewController.xib in Resources */,
			);
			runOnlyForDeploymentPostprocessing = 0;
		};
/* End PBXResourcesBuildPhase section */

/* Begin PBXSourcesBuildPhase section */
		C92BF84713631710003B20F6 /* Sources */ = {
			isa = PBXSourcesBuildPhase;
			buildActionMask = 2147483647;
			files = (
				C92BF85F13631710003B20F6 /* main.m in Sources */,
				C92BF86213631710003B20F6 /* AcaniChatAppDelegate.m in Sources */,
				C92BF86513631711003B20F6 /* AcaniChat.xcdatamodeld in Sources */,
				C92BF86B13631711003B20F6 /* RootViewController.m in Sources */,
			);
			runOnlyForDeploymentPostprocessing = 0;
		};
/* End PBXSourcesBuildPhase section */

/* Begin PBXVariantGroup section */
		C92BF85A13631710003B20F6 /* InfoPlist.strings */ = {
			isa = PBXVariantGroup;
			children = (
				C92BF85B13631710003B20F6 /* en */,
			);
			name = InfoPlist.strings;
			sourceTree = "<group>";
		};
		C92BF86613631711003B20F6 /* MainWindow.xib */ = {
			isa = PBXVariantGroup;
			children = (
				C92BF86713631711003B20F6 /* en */,
			);
			name = MainWindow.xib;
			sourceTree = "<group>";
		};
		C92BF86C13631711003B20F6 /* RootViewController.xib */ = {
			isa = PBXVariantGroup;
			children = (
				C92BF86D13631711003B20F6 /* en */,
			);
			name = RootViewController.xib;
			sourceTree = "<group>";
		};
/* End PBXVariantGroup section */

/* Begin XCBuildConfiguration section */
		C92BF86F13631711003B20F6 /* Debug */ = {
			isa = XCBuildConfiguration;
			buildSettings = {
				ARCHS = "$(ARCHS_STANDARD_32_BIT)";
				"CODE_SIGN_IDENTITY[sdk=iphoneos*]" = "iPhone Developer";
				GCC_C_LANGUAGE_STANDARD = gnu99;
				GCC_OPTIMIZATION_LEVEL = 0;
				GCC_PREPROCESSOR_DEFINITIONS = DEBUG;
				GCC_SYMBOLS_PRIVATE_EXTERN = NO;
				GCC_VERSION = com.apple.compilers.llvmgcc42;
				GCC_WARN_ABOUT_RETURN_TYPE = YES;
				GCC_WARN_UNUSED_VARIABLE = YES;
				IPHONEOS_DEPLOYMENT_TARGET = 4.3;
				SDKROOT = iphoneos;
			};
			name = Debug;
		};
		C92BF87013631711003B20F6 /* Release */ = {
			isa = XCBuildConfiguration;
			buildSettings = {
				ARCHS = "$(ARCHS_STANDARD_32_BIT)";
				"CODE_SIGN_IDENTITY[sdk=iphoneos*]" = "iPhone Developer";
				GCC_C_LANGUAGE_STANDARD = gnu99;
				GCC_VERSION = com.apple.compilers.llvmgcc42;
				GCC_WARN_ABOUT_RETURN_TYPE = YES;
				GCC_WARN_UNUSED_VARIABLE = YES;
				IPHONEOS_DEPLOYMENT_TARGET = 4.3;
				OTHER_CFLAGS = "-DNS_BLOCK_ASSERTIONS=1";
				SDKROOT = iphoneos;
			};
			name = Release;
		};
		C92BF87213631711003B20F6 /* Debug */ = {
			isa = XCBuildConfiguration;
			buildSettings = {
				ALWAYS_SEARCH_USER_PATHS = NO;
				COPY_PHASE_STRIP = NO;
				GCC_DYNAMIC_NO_PIC = NO;
				GCC_PRECOMPILE_PREFIX_HEADER = YES;
				GCC_PREFIX_HEADER = "AcaniChat/AcaniChat-Prefix.pch";
				INFOPLIST_FILE = "AcaniChat/AcaniChat-Info.plist";
				PRODUCT_NAME = "$(TARGET_NAME)";
				WRAPPER_EXTENSION = app;
			};
			name = Debug;
		};
		C92BF87313631711003B20F6 /* Release */ = {
			isa = XCBuildConfiguration;
			buildSettings = {
				ALWAYS_SEARCH_USER_PATHS = NO;
				COPY_PHASE_STRIP = YES;
				GCC_PRECOMPILE_PREFIX_HEADER = YES;
				GCC_PREFIX_HEADER = "AcaniChat/AcaniChat-Prefix.pch";
				INFOPLIST_FILE = "AcaniChat/AcaniChat-Info.plist";
				PRODUCT_NAME = "$(TARGET_NAME)";
				VALIDATE_PRODUCT = YES;
				WRAPPER_EXTENSION = app;
			};
			name = Release;
		};
/* End XCBuildConfiguration section */

/* Begin XCConfigurationList section */
		C92BF84513631710003B20F6 /* Build configuration list for PBXProject "AcaniChat" */ = {
			isa = XCConfigurationList;
			buildConfigurations = (
				C92BF86F13631711003B20F6 /* Debug */,
				C92BF87013631711003B20F6 /* Release */,
			);
			defaultConfigurationIsVisible = 0;
			defaultConfigurationName = Release;
		};
		C92BF87113631711003B20F6 /* Build configuration list for PBXNativeTarget "AcaniChat" */ = {
			isa = XCConfigurationList;
			buildConfigurations = (
				C92BF87213631711003B20F6 /* Debug */,
				C92BF87313631711003B20F6 /* Release */,
			);
			defaultConfigurationIsVisible = 0;
		};
/* End XCConfigurationList section */

/* Begin XCVersionGroup section */
		C92BF86313631711003B20F6 /* AcaniChat.xcdatamodeld */ = {
			isa = XCVersionGroup;
			children = (
				C92BF86413631711003B20F6 /* AcaniChat.xcdatamodel */,
			);
			currentVersion = C92BF86413631711003B20F6 /* AcaniChat.xcdatamodel */;
			path = AcaniChat.xcdatamodeld;
			sourceTree = "<group>";
			versionGroupType = wrapper.xcdatamodel;
		};
/* End XCVersionGroup section */
	};
	rootObject = C92BF84213631710003B20F6 /* Project object */;
}
